
Microsoft Visual Studio Solution File, Format Version 12.00
# Visual Studio Version 16
VisualStudioVersion = 16.0.31624.102
MinimumVisualStudioVersion = 10.0.40219.1
Project("{8BC9CEB8-8B4A-11D0-8D11-00A0C91BC942}") = "lab1", "lab1\lab1.vcxproj", "{7950DAD4-9587-4ABB-99C2-AC3688503979}"
EndProject
Global
	GlobalSection(SolutionConfigurationPlatforms) = preSolution
		Debug|x64 = Debug|x64
		Debug|x86 = Debug|x86
		Release|x64 = Release|x64
		Release|x86 = Release|x86
	EndGlobalSection
	GlobalSection(ProjectConfigurationPlatforms) = postSolution
		{7950DAD4-9587-4ABB-99C2-AC3688503979}.Debug|x64.ActiveCfg = Debug|x64
		{7950DAD4-9587-4ABB-99C2-AC3688503979}.Debug|x64.Build.0 = Debug|x64
		{7950DAD4-9587-4ABB-99C2-AC3688503979}.Debug|x86.ActiveCfg = Debug|Win32
		{7950DAD4-9587-4ABB-99C2-AC3688503979}.Debug|x86.Build.0 = Debug|Win32
		{7950DAD4-9587-4ABB-99C2-AC3688503979}.Release|x64.ActiveCfg = Release|x64
		{7950DAD4-9587-4ABB-99C2-AC3688503979}.Release|x64.Build.0 = Release|x64
		{7950DAD4-9587-4ABB-99C2-AC3688503979}.Release|x86.ActiveCfg = Release|Win32
		{7950DAD4-9587-4ABB-99C2-AC3688503979}.Release|x86.Build.0 = Release|Win32
	EndGlobalSection
	GlobalSection(SolutionProperties) = preSolution
		HideSolutionNode = FALSE
	EndGlobalSection
	GlobalSection(ExtensibilityGlobals) = postSolution
		SolutionGuid = {99292586-ACCB-4B44-B6C7-430FB231C0AD}
	EndGlobalSection
EndGlobal
